// !$*UTF8*$!
{
	archiveVersion = 1;
	classes = {
	};
	objectVersion = 46;
	objects = {

/* Begin PBXBuildFile section */
		BA2D6B6F1F2A9D2D00EB6A85 /* AppDelegate.swift in Sources */ = {isa = PBXBuildFile; fileRef = BA2D6B6E1F2A9D2D00EB6A85 /* AppDelegate.swift */; };
		BA2D6B711F2A9D2D00EB6A85 /* ViewController.swift in Sources */ = {isa = PBXBuildFile; fileRef = BA2D6B701F2A9D2D00EB6A85 /* ViewController.swift */; };
		BA2D6B741F2A9D2D00EB6A85 /* Main.storyboard in Resources */ = {isa = PBXBuildFile; fileRef = BA2D6B721F2A9D2D00EB6A85 /* Main.storyboard */; };
		BA2D6B761F2A9D2D00EB6A85 /* Assets.xcassets in Resources */ = {isa = PBXBuildFile; fileRef = BA2D6B751F2A9D2D00EB6A85 /* Assets.xcassets */; };
		BA2D6B791F2A9D2D00EB6A85 /* LaunchScreen.storyboard in Resources */ = {isa = PBXBuildFile; fileRef = BA2D6B771F2A9D2D00EB6A85 /* LaunchScreen.storyboard */; };
		BA2D6B841F2A9D2E00EB6A85 /* KalendarExampleTests.swift in Sources */ = {isa = PBXBuildFile; fileRef = BA2D6B831F2A9D2E00EB6A85 /* KalendarExampleTests.swift */; };
		BA2D6B8F1F2A9D2E00EB6A85 /* KalendarExampleUITests.swift in Sources */ = {isa = PBXBuildFile; fileRef = BA2D6B8E1F2A9D2E00EB6A85 /* KalendarExampleUITests.swift */; };
/* End PBXBuildFile section */

/* Begin PBXContainerItemProxy section */
		BA2D6B801F2A9D2E00EB6A85 /* PBXContainerItemProxy */ = {
			isa = PBXContainerItemProxy;
			containerPortal = BA2D6B631F2A9D2D00EB6A85 /* Project object */;
			proxyType = 1;
			remoteGlobalIDString = BA2D6B6A1F2A9D2D00EB6A85;
			remoteInfo = KalendarExample;
		};
		BA2D6B8B1F2A9D2E00EB6A85 /* PBXContainerItemProxy */ = {
			isa = PBXContainerItemProxy;
			containerPortal = BA2D6B631F2A9D2D00EB6A85 /* Project object */;
			proxyType = 1;
			remoteGlobalIDString = BA2D6B6A1F2A9D2D00EB6A85;
			remoteInfo = KalendarExample;
		};
/* End PBXContainerItemProxy section */

/* Begin PBXFileReference section */
		BA2D6B6B1F2A9D2D00EB6A85 /* KalendarExample.app */ = {isa = PBXFileReference; explicitFileType = wrapper.application; includeInIndex = 0; path = KalendarExample.app; sourceTree = BUILT_PRODUCTS_DIR; };
		BA2D6B6E1F2A9D2D00EB6A85 /* AppDelegate.swift */ = {isa = PBXFileReference; lastKnownFileType = sourcecode.swift; path = AppDelegate.swift; sourceTree = "<group>"; };
		BA2D6B701F2A9D2D00EB6A85 /* ViewController.swift */ = {isa = PBXFileReference; lastKnownFileType = sourcecode.swift; path = ViewController.swift; sourceTree = "<group>"; };
		BA2D6B731F2A9D2D00EB6A85 /* Base */ = {isa = PBXFileReference; lastKnownFileType = file.storyboard; name = Base; path = Base.lproj/Main.storyboard; sourceTree = "<group>"; };
		BA2D6B751F2A9D2D00EB6A85 /* Assets.xcassets */ = {isa = PBXFileReference; lastKnownFileType = folder.assetcatalog; path = Assets.xcassets; sourceTree = "<group>"; };
		BA2D6B781F2A9D2D00EB6A85 /* Base */ = {isa = PBXFileReference; lastKnownFileType = file.storyboard; name = Base; path = Base.lproj/LaunchScreen.storyboard; sourceTree = "<group>"; };
		BA2D6B7A1F2A9D2D00EB6A85 /* Info.plist */ = {isa = PBXFileReference; lastKnownFileType = text.plist.xml; path = Info.plist; sourceTree = "<group>"; };
		BA2D6B7F1F2A9D2E00EB6A85 /* KalendarExampleTests.xctest */ = {isa = PBXFileReference; explicitFileType = wrapper.cfbundle; includeInIndex = 0; path = KalendarExampleTests.xctest; sourceTree = BUILT_PRODUCTS_DIR; };
		BA2D6B831F2A9D2E00EB6A85 /* KalendarExampleTests.swift */ = {isa = PBXFileReference; lastKnownFileType = sourcecode.swift; path = KalendarExampleTests.swift; sourceTree = "<group>"; };
		BA2D6B851F2A9D2E00EB6A85 /* Info.plist */ = {isa = PBXFileReference; lastKnownFileType = text.plist.xml; path = Info.plist; sourceTree = "<group>"; };
		BA2D6B8A1F2A9D2E00EB6A85 /* KalendarExampleUITests.xctest */ = {isa = PBXFileReference; explicitFileType = wrapper.cfbundle; includeInIndex = 0; path = KalendarExampleUITests.xctest; sourceTree = BUILT_PRODUCTS_DIR; };
		BA2D6B8E1F2A9D2E00EB6A85 /* KalendarExampleUITests.swift */ = {isa = PBXFileReference; lastKnownFileType = sourcecode.swift; path = KalendarExampleUITests.swift; sourceTree = "<group>"; };
		BA2D6B901F2A9D2E00EB6A85 /* Info.plist */ = {isa = PBXFileReference; lastKnownFileType = text.plist.xml; path = Info.plist; sourceTree = "<group>"; };
/* End PBXFileReference section */

/* Begin PBXFrameworksBuildPhase section */
		BA2D6B681F2A9D2D00EB6A85 /* Frameworks */ = {
			isa = PBXFrameworksBuildPhase;
			buildActionMask = 2147483647;
			files = (
			);
			runOnlyForDeploymentPostprocessing = 0;
		};
		BA2D6B7C1F2A9D2E00EB6A85 /* Frameworks */ = {
			isa = PBXFrameworksBuildPhase;
			buildActionMask = 2147483647;
			files = (
			);
			runOnlyForDeploymentPostprocessing = 0;
		};
		BA2D6B871F2A9D2E00EB6A85 /* Frameworks */ = {
			isa = PBXFrameworksBuildPhase;
			buildActionMask = 2147483647;
			files = (
			);
			runOnlyForDeploymentPostprocessing = 0;
		};
/* End PBXFrameworksBuildPhase section */

/* Begin PBXGroup section */
		BA2D6B621F2A9D2D00EB6A85 = {
			isa = PBXGroup;
			children = (
				BA2D6B6D1F2A9D2D00EB6A85 /* KalendarExample */,
				BA2D6B821F2A9D2E00EB6A85 /* KalendarExampleTests */,
				BA2D6B8D1F2A9D2E00EB6A85 /* KalendarExampleUITests */,
				BA2D6B6C1F2A9D2D00EB6A85 /* Products */,
			);
			sourceTree = "<group>";
		};
		BA2D6B6C1F2A9D2D00EB6A85 /* Products */ = {
			isa = PBXGroup;
			children = (
				BA2D6B6B1F2A9D2D00EB6A85 /* KalendarExample.app */,
				BA2D6B7F1F2A9D2E00EB6A85 /* KalendarExampleTests.xctest */,
				BA2D6B8A1F2A9D2E00EB6A85 /* KalendarExampleUITests.xctest */,
			);
			name = Products;
			sourceTree = "<group>";
		};
		BA2D6B6D1F2A9D2D00EB6A85 /* KalendarExample */ = {
			isa = PBXGroup;
			children = (
				BA2D6B6E1F2A9D2D00EB6A85 /* AppDelegate.swift */,
				BA2D6B701F2A9D2D00EB6A85 /* ViewController.swift */,
				BA2D6B721F2A9D2D00EB6A85 /* Main.storyboard */,
				BA2D6B751F2A9D2D00EB6A85 /* Assets.xcassets */,
				BA2D6B771F2A9D2D00EB6A85 /* LaunchScreen.storyboard */,
				BA2D6B7A1F2A9D2D00EB6A85 /* Info.plist */,
			);
			path = KalendarExample;
			sourceTree = "<group>";
		};
		BA2D6B821F2A9D2E00EB6A85 /* KalendarExampleTests */ = {
			isa = PBXGroup;
			children = (
				BA2D6B831F2A9D2E00EB6A85 /* KalendarExampleTests.swift */,
				BA2D6B851F2A9D2E00EB6A85 /* Info.plist */,
			);
			path = KalendarExampleTests;
			sourceTree = "<group>";
		};
		BA2D6B8D1F2A9D2E00EB6A85 /* KalendarExampleUITests */ = {
			isa = PBXGroup;
			children = (
				BA2D6B8E1F2A9D2E00EB6A85 /* KalendarExampleUITests.swift */,
				BA2D6B901F2A9D2E00EB6A85 /* Info.plist */,
			);
			path = KalendarExampleUITests;
			sourceTree = "<group>";
		};
/* End PBXGroup section */

/* Begin PBXNativeTarget section */
		BA2D6B6A1F2A9D2D00EB6A85 /* KalendarExample */ = {
			isa = PBXNativeTarget;
			buildConfigurationList = BA2D6B931F2A9D2E00EB6A85 /* Build configuration list for PBXNativeTarget "KalendarExample" */;
			buildPhases = (
				BA2D6B671F2A9D2D00EB6A85 /* Sources */,
				BA2D6B681F2A9D2D00EB6A85 /* Frameworks */,
				BA2D6B691F2A9D2D00EB6A85 /* Resources */,
			);
			buildRules = (
			);
			dependencies = (
			);
			name = KalendarExample;
			productName = KalendarExample;
			productReference = BA2D6B6B1F2A9D2D00EB6A85 /* KalendarExample.app */;
			productType = "com.apple.product-type.application";
		};
		BA2D6B7E1F2A9D2E00EB6A85 /* KalendarExampleTests */ = {
			isa = PBXNativeTarget;
			buildConfigurationList = BA2D6B961F2A9D2E00EB6A85 /* Build configuration list for PBXNativeTarget "KalendarExampleTests" */;
			buildPhases = (
				BA2D6B7B1F2A9D2E00EB6A85 /* Sources */,
				BA2D6B7C1F2A9D2E00EB6A85 /* Frameworks */,
				BA2D6B7D1F2A9D2E00EB6A85 /* Resources */,
			);
			buildRules = (
			);
			dependencies = (
				BA2D6B811F2A9D2E00EB6A85 /* PBXTargetDependency */,
			);
			name = KalendarExampleTests;
			productName = KalendarExampleTests;
			productReference = BA2D6B7F1F2A9D2E00EB6A85 /* KalendarExampleTests.xctest */;
			productType = "com.apple.product-type.bundle.unit-test";
		};
		BA2D6B891F2A9D2E00EB6A85 /* KalendarExampleUITests */ = {
			isa = PBXNativeTarget;
			buildConfigurationList = BA2D6B991F2A9D2E00EB6A85 /* Build configuration list for PBXNativeTarget "KalendarExampleUITests" */;
			buildPhases = (
				BA2D6B861F2A9D2E00EB6A85 /* Sources */,
				BA2D6B871F2A9D2E00EB6A85 /* Frameworks */,
				BA2D6B881F2A9D2E00EB6A85 /* Resources */,
			);
			buildRules = (
			);
			dependencies = (
				BA2D6B8C1F2A9D2E00EB6A85 /* PBXTargetDependency */,
			);
			name = KalendarExampleUITests;
			productName = KalendarExampleUITests;
			productReference = BA2D6B8A1F2A9D2E00EB6A85 /* KalendarExampleUITests.xctest */;
			productType = "com.apple.product-type.bundle.ui-testing";
		};
/* End PBXNativeTarget section */

/* Begin PBXProject section */
		BA2D6B631F2A9D2D00EB6A85 /* Project object */ = {
			isa = PBXProject;
			attributes = {
				LastSwiftUpdateCheck = 0830;
				LastUpgradeCheck = 0830;
				ORGANIZATIONNAME = "廣瀬雄大";
				TargetAttributes = {
					BA2D6B6A1F2A9D2D00EB6A85 = {
						CreatedOnToolsVersion = 8.3.2;
						ProvisioningStyle = Automatic;
					};
					BA2D6B7E1F2A9D2E00EB6A85 = {
						CreatedOnToolsVersion = 8.3.2;
						ProvisioningStyle = Automatic;
						TestTargetID = BA2D6B6A1F2A9D2D00EB6A85;
					};
					BA2D6B891F2A9D2E00EB6A85 = {
						CreatedOnToolsVersion = 8.3.2;
						ProvisioningStyle = Automatic;
						TestTargetID = BA2D6B6A1F2A9D2D00EB6A85;
					};
				};
			};
			buildConfigurationList = BA2D6B661F2A9D2D00EB6A85 /* Build configuration list for PBXProject "KalendarExample" */;
			compatibilityVersion = "Xcode 3.2";
			developmentRegion = English;
			hasScannedForEncodings = 0;
			knownRegions = (
				en,
				Base,
			);
			mainGroup = BA2D6B621F2A9D2D00EB6A85;
			productRefGroup = BA2D6B6C1F2A9D2D00EB6A85 /* Products */;
			projectDirPath = "";
			projectRoot = "";
			targets = (
				BA2D6B6A1F2A9D2D00EB6A85 /* KalendarExample */,
				BA2D6B7E1F2A9D2E00EB6A85 /* KalendarExampleTests */,
				BA2D6B891F2A9D2E00EB6A85 /* KalendarExampleUITests */,
			);
		};
/* End PBXProject section */

/* Begin PBXResourcesBuildPhase section */
		BA2D6B691F2A9D2D00EB6A85 /* Resources */ = {
			isa = PBXResourcesBuildPhase;
			buildActionMask = 2147483647;
			files = (
				BA2D6B791F2A9D2D00EB6A85 /* LaunchScreen.storyboard in Resources */,
				BA2D6B761F2A9D2D00EB6A85 /* Assets.xcassets in Resources */,
				BA2D6B741F2A9D2D00EB6A85 /* Main.storyboard in Resources */,
			);
			runOnlyForDeploymentPostprocessing = 0;
		};
		BA2D6B7D1F2A9D2E00EB6A85 /* Resources */ = {
			isa = PBXResourcesBuildPhase;
			buildActionMask = 2147483647;
			files = (
			);
			runOnlyForDeploymentPostprocessing = 0;
		};
		BA2D6B881F2A9D2E00EB6A85 /* Resources */ = {
			isa = PBXResourcesBuildPhase;
			buildActionMask = 2147483647;
			files = (
			);
			runOnlyForDeploymentPostprocessing = 0;
		};
/* End PBXResourcesBuildPhase section */

/* Begin PBXSourcesBuildPhase section */
		BA2D6B671F2A9D2D00EB6A85 /* Sources */ = {
			isa = PBXSourcesBuildPhase;
			buildActionMask = 2147483647;
			files = (
				BA2D6B711F2A9D2D00EB6A85 /* ViewController.swift in Sources */,
				BA2D6B6F1F2A9D2D00EB6A85 /* AppDelegate.swift in Sources */,
			);
			runOnlyForDeploymentPostprocessing = 0;
		};
		BA2D6B7B1F2A9D2E00EB6A85 /* Sources */ = {
			isa = PBXSourcesBuildPhase;
			buildActionMask = 2147483647;
			files = (
				BA2D6B841F2A9D2E00EB6A85 /* KalendarExampleTests.swift in Sources */,
			);
			runOnlyForDeploymentPostprocessing = 0;
		};
		BA2D6B861F2A9D2E00EB6A85 /* Sources */ = {
			isa = PBXSourcesBuildPhase;
			buildActionMask = 2147483647;
			files = (
				BA2D6B8F1F2A9D2E00EB6A85 /* KalendarExampleUITests.swift in Sources */,
			);
			runOnlyForDeploymentPostprocessing = 0;
		};
/* End PBXSourcesBuildPhase section */

/* Begin PBXTargetDependency section */
		BA2D6B811F2A9D2E00EB6A85 /* PBXTargetDependency */ = {
			isa = PBXTargetDependency;
			target = BA2D6B6A1F2A9D2D00EB6A85 /* KalendarExample */;
			targetProxy = BA2D6B801F2A9D2E00EB6A85 /* PBXContainerItemProxy */;
		};
		BA2D6B8C1F2A9D2E00EB6A85 /* PBXTargetDependency */ = {
			isa = PBXTargetDependency;
			target = BA2D6B6A1F2A9D2D00EB6A85 /* KalendarExample */;
			targetProxy = BA2D6B8B1F2A9D2E00EB6A85 /* PBXContainerItemProxy */;
		};
/* End PBXTargetDependency section */

/* Begin PBXVariantGroup section */
		BA2D6B721F2A9D2D00EB6A85 /* Main.storyboard */ = {
			isa = PBXVariantGroup;
			children = (
				BA2D6B731F2A9D2D00EB6A85 /* Base */,
			);
			name = Main.storyboard;
			sourceTree = "<group>";
		};
		BA2D6B771F2A9D2D00EB6A85 /* LaunchScreen.storyboard */ = {
			isa = PBXVariantGroup;
			children = (
				BA2D6B781F2A9D2D00EB6A85 /* Base */,
			);
			name = LaunchScreen.storyboard;
			sourceTree = "<group>";
		};
/* End PBXVariantGroup section */

/* Begin XCBuildConfiguration section */
		BA2D6B911F2A9D2E00EB6A85 /* Debug */ = {
			isa = XCBuildConfiguration;
			buildSettings = {
				ALWAYS_SEARCH_USER_PATHS = NO;
				CLANG_ANALYZER_NONNULL = YES;
				CLANG_ANALYZER_NUMBER_OBJECT_CONVERSION = YES_AGGRESSIVE;
				CLANG_CXX_LANGUAGE_STANDARD = "gnu++0x";
				CLANG_CXX_LIBRARY = "libc++";
				CLANG_ENABLE_MODULES = YES;
				CLANG_ENABLE_OBJC_ARC = YES;
				CLANG_WARN_BOOL_CONVERSION = YES;
				CLANG_WARN_CONSTANT_CONVERSION = YES;
				CLANG_WARN_DIRECT_OBJC_ISA_USAGE = YES_ERROR;
				CLANG_WARN_DOCUMENTATION_COMMENTS = YES;
				CLANG_WARN_EMPTY_BODY = YES;
				CLANG_WARN_ENUM_CONVERSION = YES;
				CLANG_WARN_INFINITE_RECURSION = YES;
				CLANG_WARN_INT_CONVERSION = YES;
				CLANG_WARN_OBJC_ROOT_CLASS = YES_ERROR;
				CLANG_WARN_SUSPICIOUS_MOVE = YES;
				CLANG_WARN_UNREACHABLE_CODE = YES;
				CLANG_WARN__DUPLICATE_METHOD_MATCH = YES;
				"CODE_SIGN_IDENTITY[sdk=iphoneos*]" = "iPhone Developer";
				COPY_PHASE_STRIP = NO;
				DEBUG_INFORMATION_FORMAT = dwarf;
				ENABLE_STRICT_OBJC_MSGSEND = YES;
				ENABLE_TESTABILITY = YES;
				GCC_C_LANGUAGE_STANDARD = gnu99;
				GCC_DYNAMIC_NO_PIC = NO;
				GCC_NO_COMMON_BLOCKS = YES;
				GCC_OPTIMIZATION_LEVEL = 0;
				GCC_PREPROCESSOR_DEFINITIONS = (
					"DEBUG=1",
					"$(inherited)",
				);
				GCC_WARN_64_TO_32_BIT_CONVERSION = YES;
				GCC_WARN_ABOUT_RETURN_TYPE = YES_ERROR;
				GCC_WARN_UNDECLARED_SELECTOR = YES;
				GCC_WARN_UNINITIALIZED_AUTOS = YES_AGGRESSIVE;
				GCC_WARN_UNUSED_FUNCTION = YES;
				GCC_WARN_UNUSED_VARIABLE = YES;
				IPHONEOS_DEPLOYMENT_TARGET = 10.3;
				MTL_ENABLE_DEBUG_INFO = YES;
				ONLY_ACTIVE_ARCH = YES;
				SDKROOT = iphoneos;
				SWIFT_ACTIVE_COMPILATION_CONDITIONS = DEBUG;
				SWIFT_OPTIMIZATION_LEVEL = "-Onone";
				TARGETED_DEVICE_FAMILY = "1,2";
			};
			name = Debug;
		};
		BA2D6B921F2A9D2E00EB6A85 /* Release */ = {
			isa = XCBuildConfiguration;
			buildSettings = {
				ALWAYS_SEARCH_USER_PATHS = NO;
				CLANG_ANALYZER_NONNULL = YES;
				CLANG_ANALYZER_NUMBER_OBJECT_CONVERSION = YES_AGGRESSIVE;
				CLANG_CXX_LANGUAGE_STANDARD = "gnu++0x";
				CLANG_CXX_LIBRARY = "libc++";
				CLANG_ENABLE_MODULES = YES;
				CLANG_ENABLE_OBJC_ARC = YES;
				CLANG_WARN_BOOL_CONVERSION = YES;
				CLANG_WARN_CONSTANT_CONVERSION = YES;
				CLANG_WARN_DIRECT_OBJC_ISA_USAGE = YES_ERROR;
				CLANG_WARN_DOCUMENTATION_COMMENTS = YES;
				CLANG_WARN_EMPTY_BODY = YES;
				CLANG_WARN_ENUM_CONVERSION = YES;
				CLANG_WARN_INFINITE_RECURSION = YES;
				CLANG_WARN_INT_CONVERSION = YES;
				CLANG_WARN_OBJC_ROOT_CLASS = YES_ERROR;
				CLANG_WARN_SUSPICIOUS_MOVE = YES;
				CLANG_WARN_UNREACHABLE_CODE = YES;
				CLANG_WARN__DUPLICATE_METHOD_MATCH = YES;
				"CODE_SIGN_IDENTITY[sdk=iphoneos*]" = "iPhone Developer";
				COPY_PHASE_STRIP = NO;
				DEBUG_INFORMATION_FORMAT = "dwarf-with-dsym";
				ENABLE_NS_ASSERTIONS = NO;
				ENABLE_STRICT_OBJC_MSGSEND = YES;
				GCC_C_LANGUAGE_STANDARD = gnu99;
				GCC_NO_COMMON_BLOCKS = YES;
				GCC_WARN_64_TO_32_BIT_CONVERSION = YES;
				GCC_WARN_ABOUT_RETURN_TYPE = YES_ERROR;
				GCC_WARN_UNDECLARED_SELECTOR = YES;
				GCC_WARN_UNINITIALIZED_AUTOS = YES_AGGRESSIVE;
				GCC_WARN_UNUSED_FUNCTION = YES;
				GCC_WARN_UNUSED_VARIABLE = YES;
				IPHONEOS_DEPLOYMENT_TARGET = 10.3;
				MTL_ENABLE_DEBUG_INFO = NO;
				SDKROOT = iphoneos;
				SWIFT_OPTIMIZATION_LEVEL = "-Owholemodule";
				TARGETED_DEVICE_FAMILY = "1,2";
				VALIDATE_PRODUCT = YES;
			};
			name = Release;
		};
		BA2D6B941F2A9D2E00EB6A85 /* Debug */ = {
			isa = XCBuildConfiguration;
			buildSettings = {
				ASSETCATALOG_COMPILER_APPICON_NAME = AppIcon;
				INFOPLIST_FILE = KalendarExample/Info.plist;
				LD_RUNPATH_SEARCH_PATHS = "$(inherited) @executable_path/Frameworks";
				PRODUCT_BUNDLE_IDENTIFIER = com.yudai.hirose.KalendarExample;
				PRODUCT_NAME = "$(TARGET_NAME)";
				SWIFT_VERSION = 3.0;
			};
			name = Debug;
		};
		BA2D6B951F2A9D2E00EB6A85 /* Release */ = {
			isa = XCBuildConfiguration;
			buildSettings = {
				ASSETCATALOG_COMPILER_APPICON_NAME = AppIcon;
				INFOPLIST_FILE = KalendarExample/Info.plist;
				LD_RUNPATH_SEARCH_PATHS = "$(inherited) @executable_path/Frameworks";
				PRODUCT_BUNDLE_IDENTIFIER = com.yudai.hirose.KalendarExample;
				PRODUCT_NAME = "$(TARGET_NAME)";
				SWIFT_VERSION = 3.0;
			};
			name = Release;
		};
		BA2D6B971F2A9D2E00EB6A85 /* Debug */ = {
			isa = XCBuildConfiguration;
			buildSettings = {
				ALWAYS_EMBED_SWIFT_STANDARD_LIBRARIES = YES;
				BUNDLE_LOADER = "$(TEST_HOST)";
				INFOPLIST_FILE = KalendarExampleTests/Info.plist;
				LD_RUNPATH_SEARCH_PATHS = "$(inherited) @executable_path/Frameworks @loader_path/Frameworks";
				PRODUCT_BUNDLE_IDENTIFIER = com.yudai.hirose.KalendarExampleTests;
				PRODUCT_NAME = "$(TARGET_NAME)";
				SWIFT_VERSION = 3.0;
				TEST_HOST = "$(BUILT_PRODUCTS_DIR)/KalendarExample.app/KalendarExample";
			};
			name = Debug;
		};
		BA2D6B981F2A9D2E00EB6A85 /* Release */ = {
			isa = XCBuildConfiguration;
			buildSettings = {
				ALWAYS_EMBED_SWIFT_STANDARD_LIBRARIES = YES;
				BUNDLE_LOADER = "$(TEST_HOST)";
				INFOPLIST_FILE = KalendarExampleTests/Info.plist;
				LD_RUNPATH_SEARCH_PATHS = "$(inherited) @executable_path/Frameworks @loader_path/Frameworks";
				PRODUCT_BUNDLE_IDENTIFIER = com.yudai.hirose.KalendarExampleTests;
				PRODUCT_NAME = "$(TARGET_NAME)";
				SWIFT_VERSION = 3.0;
				TEST_HOST = "$(BUILT_PRODUCTS_DIR)/KalendarExample.app/KalendarExample";
			};
			name = Release;
		};
		BA2D6B9A1F2A9D2E00EB6A85 /* Debug */ = {
			isa = XCBuildConfiguration;
			buildSettings = {
				ALWAYS_EMBED_SWIFT_STANDARD_LIBRARIES = YES;
				INFOPLIST_FILE = KalendarExampleUITests/Info.plist;
				LD_RUNPATH_SEARCH_PATHS = "$(inherited) @executable_path/Frameworks @loader_path/Frameworks";
				PRODUCT_BUNDLE_IDENTIFIER = com.yudai.hirose.KalendarExampleUITests;
				PRODUCT_NAME = "$(TARGET_NAME)";
				SWIFT_VERSION = 3.0;
				TEST_TARGET_NAME = KalendarExample;
			};
			name = Debug;
		};
		BA2D6B9B1F2A9D2E00EB6A85 /* Release */ = {
			isa = XCBuildConfiguration;
			buildSettings = {
				ALWAYS_EMBED_SWIFT_STANDARD_LIBRARIES = YES;
				INFOPLIST_FILE = KalendarExampleUITests/Info.plist;
				LD_RUNPATH_SEARCH_PATHS = "$(inherited) @executable_path/Frameworks @loader_path/Frameworks";
				PRODUCT_BUNDLE_IDENTIFIER = com.yudai.hirose.KalendarExampleUITests;
				PRODUCT_NAME = "$(TARGET_NAME)";
				SWIFT_VERSION = 3.0;
				TEST_TARGET_NAME = KalendarExample;
			};
			name = Release;
		};
/* End XCBuildConfiguration section */

/* Begin XCConfigurationList section */
		BA2D6B661F2A9D2D00EB6A85 /* Build configuration list for PBXProject "KalendarExample" */ = {
			isa = XCConfigurationList;
			buildConfigurations = (
				BA2D6B911F2A9D2E00EB6A85 /* Debug */,
				BA2D6B921F2A9D2E00EB6A85 /* Release */,
			);
			defaultConfigurationIsVisible = 0;
			defaultConfigurationName = Release;
		};
		BA2D6B931F2A9D2E00EB6A85 /* Build configuration list for PBXNativeTarget "KalendarExample" */ = {
			isa = XCConfigurationList;
			buildConfigurations = (
				BA2D6B941F2A9D2E00EB6A85 /* Debug */,
				BA2D6B951F2A9D2E00EB6A85 /* Release */,
			);
			defaultConfigurationIsVisible = 0;
		};
		BA2D6B961F2A9D2E00EB6A85 /* Build configuration list for PBXNativeTarget "KalendarExampleTests" */ = {
			isa = XCConfigurationList;
			buildConfigurations = (
				BA2D6B971F2A9D2E00EB6A85 /* Debug */,
				BA2D6B981F2A9D2E00EB6A85 /* Release */,
			);
			defaultConfigurationIsVisible = 0;
		};
		BA2D6B991F2A9D2E00EB6A85 /* Build configuration list for PBXNativeTarget "KalendarExampleUITests" */ = {
			isa = XCConfigurationList;
			buildConfigurations = (
				BA2D6B9A1F2A9D2E00EB6A85 /* Debug */,
				BA2D6B9B1F2A9D2E00EB6A85 /* Release */,
			);
			defaultConfigurationIsVisible = 0;
		};
/* End XCConfigurationList section */
	};
	rootObject = BA2D6B631F2A9D2D00EB6A85 /* Project object */;
}
